// !$*UTF8*$!
{
	archiveVersion = 1;
	classes = {
	};
	objectVersion = 56;
	objects = {

/* Begin PBXBuildFile section */
		CF8BD6CE2C1CA32000B17B81 /* NetworkInterchangableApp.swift in Sources */ = {isa = PBXBuildFile; fileRef = CF8BD6CD2C1CA32000B17B81 /* NetworkInterchangableApp.swift */; };
		CF8BD6D02C1CA32000B17B81 /* ContentView.swift in Sources */ = {isa = PBXBuildFile; fileRef = CF8BD6CF2C1CA32000B17B81 /* ContentView.swift */; };
		CF8BD6D22C1CA32100B17B81 /* Assets.xcassets in Resources */ = {isa = PBXBuildFile; fileRef = CF8BD6D12C1CA32100B17B81 /* Assets.xcassets */; };
		CF8BD6D52C1CA32100B17B81 /* Preview Assets.xcassets in Resources */ = {isa = PBXBuildFile; fileRef = CF8BD6D42C1CA32100B17B81 /* Preview Assets.xcassets */; };
		CF8BD6DE2C1CA36400B17B81 /* UserModel.swift in Sources */ = {isa = PBXBuildFile; fileRef = CF8BD6DD2C1CA36400B17B81 /* UserModel.swift */; };
		CF8BD6E12C1CA38300B17B81 /* WebSevice.swift in Sources */ = {isa = PBXBuildFile; fileRef = CF8BD6E02C1CA38300B17B81 /* WebSevice.swift */; };
		CF8BD6E42C1CA79D00B17B81 /* UserViewModel.swift in Sources */ = {isa = PBXBuildFile; fileRef = CF8BD6E32C1CA79D00B17B81 /* UserViewModel.swift */; };
		CF8BD6E72C1CAE0700B17B81 /* Constans.swift in Sources */ = {isa = PBXBuildFile; fileRef = CF8BD6E62C1CAE0700B17B81 /* Constans.swift */; };
		CF8BD6E92C1CB2BC00B17B81 /* users.json in Resources */ = {isa = PBXBuildFile; fileRef = CF8BD6E82C1CB2BC00B17B81 /* users.json */; };
		CF8BD6EB2C1CB2E700B17B81 /* LocalService.swift in Sources */ = {isa = PBXBuildFile; fileRef = CF8BD6EA2C1CB2E700B17B81 /* LocalService.swift */; };
		CF8BD6ED2C1CB74000B17B81 /* NetworkService.swift in Sources */ = {isa = PBXBuildFile; fileRef = CF8BD6EC2C1CB74000B17B81 /* NetworkService.swift */; };
/* End PBXBuildFile section */

/* Begin PBXFileReference section */
		CF8BD6CA2C1CA32000B17B81 /* NetworkInterchangable.app */ = {isa = PBXFileReference; explicitFileType = wrapper.application; includeInIndex = 0; path = NetworkInterchangable.app; sourceTree = BUILT_PRODUCTS_DIR; };
		CF8BD6CD2C1CA32000B17B81 /* NetworkInterchangableApp.swift */ = {isa = PBXFileReference; lastKnownFileType = sourcecode.swift; path = NetworkInterchangableApp.swift; sourceTree = "<group>"; };
		CF8BD6CF2C1CA32000B17B81 /* ContentView.swift */ = {isa = PBXFileReference; lastKnownFileType = sourcecode.swift; path = ContentView.swift; sourceTree = "<group>"; };
		CF8BD6D12C1CA32100B17B81 /* Assets.xcassets */ = {isa = PBXFileReference; lastKnownFileType = folder.assetcatalog; path = Assets.xcassets; sourceTree = "<group>"; };
		CF8BD6D42C1CA32100B17B81 /* Preview Assets.xcassets */ = {isa = PBXFileReference; lastKnownFileType = folder.assetcatalog; path = "Preview Assets.xcassets"; sourceTree = "<group>"; };
		CF8BD6DD2C1CA36400B17B81 /* UserModel.swift */ = {isa = PBXFileReference; lastKnownFileType = sourcecode.swift; path = UserModel.swift; sourceTree = "<group>"; };
		CF8BD6E02C1CA38300B17B81 /* WebSevice.swift */ = {isa = PBXFileReference; lastKnownFileType = sourcecode.swift; path = WebSevice.swift; sourceTree = "<group>"; };
		CF8BD6E32C1CA79D00B17B81 /* UserViewModel.swift */ = {isa = PBXFileReference; lastKnownFileType = sourcecode.swift; path = UserViewModel.swift; sourceTree = "<group>"; };
		CF8BD6E62C1CAE0700B17B81 /* Constans.swift */ = {isa = PBXFileReference; lastKnownFileType = sourcecode.swift; path = Constans.swift; sourceTree = "<group>"; };
		CF8BD6E82C1CB2BC00B17B81 /* users.json */ = {isa = PBXFileReference; fileEncoding = 4; lastKnownFileType = text.json; path = users.json; sourceTree = "<group>"; };
		CF8BD6EA2C1CB2E700B17B81 /* LocalService.swift */ = {isa = PBXFileReference; lastKnownFileType = sourcecode.swift; path = LocalService.swift; sourceTree = "<group>"; };
		CF8BD6EC2C1CB74000B17B81 /* NetworkService.swift */ = {isa = PBXFileReference; lastKnownFileType = sourcecode.swift; path = NetworkService.swift; sourceTree = "<group>"; };
/* End PBXFileReference section */

/* Begin PBXFrameworksBuildPhase section */
		CF8BD6C72C1CA32000B17B81 /* Frameworks */ = {
			isa = PBXFrameworksBuildPhase;
			buildActionMask = 2147483647;
			files = (
			);
			runOnlyForDeploymentPostprocessing = 0;
		};
/* End PBXFrameworksBuildPhase section */

/* Begin PBXGroup section */
		CF8BD6C12C1CA32000B17B81 = {
			isa = PBXGroup;
			children = (
				CF8BD6CC2C1CA32000B17B81 /* NetworkInterchangable */,
				CF8BD6CB2C1CA32000B17B81 /* Products */,
			);
			sourceTree = "<group>";
		};
		CF8BD6CB2C1CA32000B17B81 /* Products */ = {
			isa = PBXGroup;
			children = (
				CF8BD6CA2C1CA32000B17B81 /* NetworkInterchangable.app */,
			);
			name = Products;
			sourceTree = "<group>";
		};
		CF8BD6CC2C1CA32000B17B81 /* NetworkInterchangable */ = {
			isa = PBXGroup;
			children = (
				CF8BD6E82C1CB2BC00B17B81 /* users.json */,
				CF8BD6E52C1CADF500B17B81 /* Constans */,
				CF8BD6E22C1CA39700B17B81 /* ViewModel */,
				CF8BD6DF2C1CA37600B17B81 /* Service */,
				CF8BD6DC2C1CA35500B17B81 /* Model */,
				CF8BD6CD2C1CA32000B17B81 /* NetworkInterchangableApp.swift */,
				CF8BD6CF2C1CA32000B17B81 /* ContentView.swift */,
				CF8BD6D12C1CA32100B17B81 /* Assets.xcassets */,
				CF8BD6D32C1CA32100B17B81 /* Preview Content */,
			);
			path = NetworkInterchangable;
			sourceTree = "<group>";
		};
		CF8BD6D32C1CA32100B17B81 /* Preview Content */ = {
			isa = PBXGroup;
			children = (
				CF8BD6D42C1CA32100B17B81 /* Preview Assets.xcassets */,
			);
			path = "Preview Content";
			sourceTree = "<group>";
		};
		CF8BD6DC2C1CA35500B17B81 /* Model */ = {
			isa = PBXGroup;
			children = (
				CF8BD6DD2C1CA36400B17B81 /* UserModel.swift */,
			);
			path = Model;
			sourceTree = "<group>";
		};
		CF8BD6DF2C1CA37600B17B81 /* Service */ = {
			isa = PBXGroup;
			children = (
				CF8BD6E02C1CA38300B17B81 /* WebSevice.swift */,
				CF8BD6EA2C1CB2E700B17B81 /* LocalService.swift */,
				CF8BD6EC2C1CB74000B17B81 /* NetworkService.swift */,
			);
			path = Service;
			sourceTree = "<group>";
		};
		CF8BD6E22C1CA39700B17B81 /* ViewModel */ = {
			isa = PBXGroup;
			children = (
				CF8BD6E32C1CA79D00B17B81 /* UserViewModel.swift */,
			);
			path = ViewModel;
			sourceTree = "<group>";
		};
		CF8BD6E52C1CADF500B17B81 /* Constans */ = {
			isa = PBXGroup;
			children = (
				CF8BD6E62C1CAE0700B17B81 /* Constans.swift */,
			);
			path = Constans;
			sourceTree = "<group>";
		};
/* End PBXGroup section */

/* Begin PBXNativeTarget section */
		CF8BD6C92C1CA32000B17B81 /* NetworkInterchangable */ = {
			isa = PBXNativeTarget;
			buildConfigurationList = CF8BD6D82C1CA32100B17B81 /* Build configuration list for PBXNativeTarget "NetworkInterchangable" */;
			buildPhases = (
				CF8BD6C62C1CA32000B17B81 /* Sources */,
				CF8BD6C72C1CA32000B17B81 /* Frameworks */,
				CF8BD6C82C1CA32000B17B81 /* Resources */,
			);
			buildRules = (
			);
			dependencies = (
			);
			name = NetworkInterchangable;
			productName = NetworkInterchangable;
			productReference = CF8BD6CA2C1CA32000B17B81 /* NetworkInterchangable.app */;
			productType = "com.apple.product-type.application";
		};
/* End PBXNativeTarget section */

/* Begin PBXProject section */
		CF8BD6C22C1CA32000B17B81 /* Project object */ = {
			isa = PBXProject;
			attributes = {
				BuildIndependentTargetsInParallel = 1;
				LastSwiftUpdateCheck = 1540;
				LastUpgradeCheck = 1540;
				TargetAttributes = {
					CF8BD6C92C1CA32000B17B81 = {
						CreatedOnToolsVersion = 15.4;
					};
				};
			};
			buildConfigurationList = CF8BD6C52C1CA32000B17B81 /* Build configuration list for PBXProject "NetworkInterchangable" */;
			compatibilityVersion = "Xcode 14.0";
			developmentRegion = en;
			hasScannedForEncodings = 0;
			knownRegions = (
				en,
				Base,
			);
			mainGroup = CF8BD6C12C1CA32000B17B81;
			productRefGroup = CF8BD6CB2C1CA32000B17B81 /* Products */;
			projectDirPath = "";
			projectRoot = "";
			targets = (
				CF8BD6C92C1CA32000B17B81 /* NetworkInterchangable */,
			);
		};
/* End PBXProject section */

/* Begin PBXResourcesBuildPhase section */
		CF8BD6C82C1CA32000B17B81 /* Resources */ = {
			isa = PBXResourcesBuildPhase;
			buildActionMask = 2147483647;
			files = (
				CF8BD6E92C1CB2BC00B17B81 /* users.json in Resources */,
				CF8BD6D52C1CA32100B17B81 /* Preview Assets.xcassets in Resources */,
				CF8BD6D22C1CA32100B17B81 /* Assets.xcassets in Resources */,
			);
			runOnlyForDeploymentPostprocessing = 0;
		};
/* End PBXResourcesBuildPhase section */

/* Begin PBXSourcesBuildPhase section */
		CF8BD6C62C1CA32000B17B81 /* Sources */ = {
			isa = PBXSourcesBuildPhase;
			buildActionMask = 2147483647;
			files = (
				CF8BD6D02C1CA32000B17B81 /* ContentView.swift in Sources */,
				CF8BD6DE2C1CA36400B17B81 /* UserModel.swift in Sources */,
				CF8BD6ED2C1CB74000B17B81 /* NetworkService.swift in Sources */,
				CF8BD6E72C1CAE0700B17B81 /* Constans.swift in Sources */,
				CF8BD6CE2C1CA32000B17B81 /* NetworkInterchangableApp.swift in Sources */,
				CF8BD6E42C1CA79D00B17B81 /* UserViewModel.swift in Sources */,
				CF8BD6EB2C1CB2E700B17B81 /* LocalService.swift in Sources */,
				CF8BD6E12C1CA38300B17B81 /* WebSevice.swift in Sources */,
			);
			runOnlyForDeploymentPostprocessing = 0;
		};
/* End PBXSourcesBuildPhase section */

/* Begin XCBuildConfiguration section */
		CF8BD6D62C1CA32100B17B81 /* Debug */ = {
			isa = XCBuildConfiguration;
			buildSettings = {
				ALWAYS_SEARCH_USER_PATHS = NO;
				ASSETCATALOG_COMPILER_GENERATE_SWIFT_ASSET_SYMBOL_EXTENSIONS = YES;
				CLANG_ANALYZER_NONNULL = YES;
				CLANG_ANALYZER_NUMBER_OBJECT_CONVERSION = YES_AGGRESSIVE;
				CLANG_CXX_LANGUAGE_STANDARD = "gnu++20";
				CLANG_ENABLE_MODULES = YES;
				CLANG_ENABLE_OBJC_ARC = YES;
				CLANG_ENABLE_OBJC_WEAK = YES;
				CLANG_WARN_BLOCK_CAPTURE_AUTORELEASING = YES;
				CLANG_WARN_BOOL_CONVERSION = YES;
				CLANG_WARN_COMMA = YES;
				CLANG_WARN_CONSTANT_CONVERSION = YES;
				CLANG_WARN_DEPRECATED_OBJC_IMPLEMENTATIONS = YES;
				CLANG_WARN_DIRECT_OBJC_ISA_USAGE = YES_ERROR;
				CLANG_WARN_DOCUMENTATION_COMMENTS = YES;
				CLANG_WARN_EMPTY_BODY = YES;
				CLANG_WARN_ENUM_CONVERSION = YES;
				CLANG_WARN_INFINITE_RECURSION = YES;
				CLANG_WARN_INT_CONVERSION = YES;
				CLANG_WARN_NON_LITERAL_NULL_CONVERSION = YES;
				CLANG_WARN_OBJC_IMPLICIT_RETAIN_SELF = YES;
				CLANG_WARN_OBJC_LITERAL_CONVERSION = YES;
				CLANG_WARN_OBJC_ROOT_CLASS = YES_ERROR;
				CLANG_WARN_QUOTED_INCLUDE_IN_FRAMEWORK_HEADER = YES;
				CLANG_WARN_RANGE_LOOP_ANALYSIS = YES;
				CLANG_WARN_STRICT_PROTOTYPES = YES;
				CLANG_WARN_SUSPICIOUS_MOVE = YES;
				CLANG_WARN_UNGUARDED_AVAILABILITY = YES_AGGRESSIVE;
				CLANG_WARN_UNREACHABLE_CODE = YES;
				CLANG_WARN__DUPLICATE_METHOD_MATCH = YES;
				COPY_PHASE_STRIP = NO;
				DEBUG_INFORMATION_FORMAT = dwarf;
				ENABLE_STRICT_OBJC_MSGSEND = YES;
				ENABLE_TESTABILITY = YES;
				ENABLE_USER_SCRIPT_SANDBOXING = YES;
				GCC_C_LANGUAGE_STANDARD = gnu17;
				GCC_DYNAMIC_NO_PIC = NO;
				GCC_NO_COMMON_BLOCKS = YES;
				GCC_OPTIMIZATION_LEVEL = 0;
				GCC_PREPROCESSOR_DEFINITIONS = (
					"DEBUG=1",
					"$(inherited)",
				);
				GCC_WARN_64_TO_32_BIT_CONVERSION = YES;
				GCC_WARN_ABOUT_RETURN_TYPE = YES_ERROR;
				GCC_WARN_UNDECLARED_SELECTOR = YES;
				GCC_WARN_UNINITIALIZED_AUTOS = YES_AGGRESSIVE;
				GCC_WARN_UNUSED_FUNCTION = YES;
				GCC_WARN_UNUSED_VARIABLE = YES;
				IPHONEOS_DEPLOYMENT_TARGET = 17.5;
				LOCALIZATION_PREFERS_STRING_CATALOGS = YES;
				MTL_ENABLE_DEBUG_INFO = INCLUDE_SOURCE;
				MTL_FAST_MATH = YES;
				ONLY_ACTIVE_ARCH = YES;
				SDKROOT = iphoneos;
				SWIFT_ACTIVE_COMPILATION_CONDITIONS = "DEBUG $(inherited)";
				SWIFT_OPTIMIZATION_LEVEL = "-Onone";
			};
			name = Debug;
		};
		CF8BD6D72C1CA32100B17B81 /* Release */ = {
			isa = XCBuildConfiguration;
			buildSettings = {
				ALWAYS_SEARCH_USER_PATHS = NO;
				ASSETCATALOG_COMPILER_GENERATE_SWIFT_ASSET_SYMBOL_EXTENSIONS = YES;
				CLANG_ANALYZER_NONNULL = YES;
				CLANG_ANALYZER_NUMBER_OBJECT_CONVERSION = YES_AGGRESSIVE;
				CLANG_CXX_LANGUAGE_STANDARD = "gnu++20";
				CLANG_ENABLE_MODULES = YES;
				CLANG_ENABLE_OBJC_ARC = YES;
				CLANG_ENABLE_OBJC_WEAK = YES;
				CLANG_WARN_BLOCK_CAPTURE_AUTORELEASING = YES;
				CLANG_WARN_BOOL_CONVERSION = YES;
				CLANG_WARN_COMMA = YES;
				CLANG_WARN_CONSTANT_CONVERSION = YES;
				CLANG_WARN_DEPRECATED_OBJC_IMPLEMENTATIONS = YES;
				CLANG_WARN_DIRECT_OBJC_ISA_USAGE = YES_ERROR;
				CLANG_WARN_DOCUMENTATION_COMMENTS = YES;
				CLANG_WARN_EMPTY_BODY = YES;
				CLANG_WARN_ENUM_CONVERSION = YES;
				CLANG_WARN_INFINITE_RECURSION = YES;
				CLANG_WARN_INT_CONVERSION = YES;
				CLANG_WARN_NON_LITERAL_NULL_CONVERSION = YES;
				CLANG_WARN_OBJC_IMPLICIT_RETAIN_SELF = YES;
				CLANG_WARN_OBJC_LITERAL_CONVERSION = YES;
				CLANG_WARN_OBJC_ROOT_CLASS = YES_ERROR;
				CLANG_WARN_QUOTED_INCLUDE_IN_FRAMEWORK_HEADER = YES;
				CLANG_WARN_RANGE_LOOP_ANALYSIS = YES;
				CLANG_WARN_STRICT_PROTOTYPES = YES;
				CLANG_WARN_SUSPICIOUS_MOVE = YES;
				CLANG_WARN_UNGUARDED_AVAILABILITY = YES_AGGRESSIVE;
				CLANG_WARN_UNREACHABLE_CODE = YES;
				CLANG_WARN__DUPLICATE_METHOD_MATCH = YES;
				COPY_PHASE_STRIP = NO;
				DEBUG_INFORMATION_FORMAT = "dwarf-with-dsym";
				ENABLE_NS_ASSERTIONS = NO;
				ENABLE_STRICT_OBJC_MSGSEND = YES;
				ENABLE_USER_SCRIPT_SANDBOXING = YES;
				GCC_C_LANGUAGE_STANDARD = gnu17;
				GCC_NO_COMMON_BLOCKS = YES;
				GCC_WARN_64_TO_32_BIT_CONVERSION = YES;
				GCC_WARN_ABOUT_RETURN_TYPE = YES_ERROR;
				GCC_WARN_UNDECLARED_SELECTOR = YES;
				GCC_WARN_UNINITIALIZED_AUTOS = YES_AGGRESSIVE;
				GCC_WARN_UNUSED_FUNCTION = YES;
				GCC_WARN_UNUSED_VARIABLE = YES;
				IPHONEOS_DEPLOYMENT_TARGET = 17.5;
				LOCALIZATION_PREFERS_STRING_CATALOGS = YES;
				MTL_ENABLE_DEBUG_INFO = NO;
				MTL_FAST_MATH = YES;
				SDKROOT = iphoneos;
				SWIFT_COMPILATION_MODE = wholemodule;
				VALIDATE_PRODUCT = YES;
			};
			name = Release;
		};
		CF8BD6D92C1CA32100B17B81 /* Debug */ = {
			isa = XCBuildConfiguration;
			buildSettings = {
				ASSETCATALOG_COMPILER_APPICON_NAME = AppIcon;
				ASSETCATALOG_COMPILER_GLOBAL_ACCENT_COLOR_NAME = AccentColor;
				CODE_SIGN_STYLE = Automatic;
				CURRENT_PROJECT_VERSION = 1;
				DEVELOPMENT_ASSET_PATHS = "\"NetworkInterchangable/Preview Content\"";
				DEVELOPMENT_TEAM = 9X8V68YU8J;
				ENABLE_PREVIEWS = YES;
				GENERATE_INFOPLIST_FILE = YES;
				INFOPLIST_KEY_UIApplicationSceneManifest_Generation = YES;
				INFOPLIST_KEY_UIApplicationSupportsIndirectInputEvents = YES;
				INFOPLIST_KEY_UILaunchScreen_Generation = YES;
				INFOPLIST_KEY_UISupportedInterfaceOrientations_iPad = "UIInterfaceOrientationPortrait UIInterfaceOrientationPortraitUpsideDown UIInterfaceOrientationLandscapeLeft UIInterfaceOrientationLandscapeRight";
				INFOPLIST_KEY_UISupportedInterfaceOrientations_iPhone = "UIInterfaceOrientationPortrait UIInterfaceOrientationLandscapeLeft UIInterfaceOrientationLandscapeRight";
				LD_RUNPATH_SEARCH_PATHS = (
					"$(inherited)",
					"@executable_path/Frameworks",
				);
				MARKETING_VERSION = 1.0;
				PRODUCT_BUNDLE_IDENTIFIER = com.mustafadns.NetworkInterchangable;
				PRODUCT_NAME = "$(TARGET_NAME)";
				SWIFT_EMIT_LOC_STRINGS = YES;
				SWIFT_VERSION = 5.0;
				TARGETED_DEVICE_FAMILY = "1,2";
			};
			name = Debug;
		};
		CF8BD6DA2C1CA32100B17B81 /* Release */ = {
			isa = XCBuildConfiguration;
			buildSettings = {
				ASSETCATALOG_COMPILER_APPICON_NAME = AppIcon;
				ASSETCATALOG_COMPILER_GLOBAL_ACCENT_COLOR_NAME = AccentColor;
				CODE_SIGN_STYLE = Automatic;
				CURRENT_PROJECT_VERSION = 1;
				DEVELOPMENT_ASSET_PATHS = "\"NetworkInterchangable/Preview Content\"";
				DEVELOPMENT_TEAM = 9X8V68YU8J;
				ENABLE_PREVIEWS = YES;
				GENERATE_INFOPLIST_FILE = YES;
				INFOPLIST_KEY_UIApplicationSceneManifest_Generation = YES;
				INFOPLIST_KEY_UIApplicationSupportsIndirectInputEvents = YES;
				INFOPLIST_KEY_UILaunchScreen_Generation = YES;
				INFOPLIST_KEY_UISupportedInterfaceOrientations_iPad = "UIInterfaceOrientationPortrait UIInterfaceOrientationPortraitUpsideDown UIInterfaceOrientationLandscapeLeft UIInterfaceOrientationLandscapeRight";
				INFOPLIST_KEY_UISupportedInterfaceOrientations_iPhone = "UIInterfaceOrientationPortrait UIInterfaceOrientationLandscapeLeft UIInterfaceOrientationLandscapeRight";
				LD_RUNPATH_SEARCH_PATHS = (
					"$(inherited)",
					"@executable_path/Frameworks",
				);
				MARKETING_VERSION = 1.0;
				PRODUCT_BUNDLE_IDENTIFIER = com.mustafadns.NetworkInterchangable;
				PRODUCT_NAME = "$(TARGET_NAME)";
				SWIFT_EMIT_LOC_STRINGS = YES;
				SWIFT_VERSION = 5.0;
				TARGETED_DEVICE_FAMILY = "1,2";
			};
			name = Release;
		};
/* End XCBuildConfiguration section */

/* Begin XCConfigurationList section */
		CF8BD6C52C1CA32000B17B81 /* Build configuration list for PBXProject "NetworkInterchangable" */ = {
			isa = XCConfigurationList;
			buildConfigurations = (
				CF8BD6D62C1CA32100B17B81 /* Debug */,
				CF8BD6D72C1CA32100B17B81 /* Release */,
			);
			defaultConfigurationIsVisible = 0;
			defaultConfigurationName = Release;
		};
		CF8BD6D82C1CA32100B17B81 /* Build configuration list for PBXNativeTarget "NetworkInterchangable" */ = {
			isa = XCConfigurationList;
			buildConfigurations = (
				CF8BD6D92C1CA32100B17B81 /* Debug */,
				CF8BD6DA2C1CA32100B17B81 /* Release */,
			);
			defaultConfigurationIsVisible = 0;
			defaultConfigurationName = Release;
		};
/* End XCConfigurationList section */
	};
	rootObject = CF8BD6C22C1CA32000B17B81 /* Project object */;
}
